// !$*UTF8*$!
{
	archiveVersion = 1;
	classes = {
	};
	objectVersion = 77;
	objects = {

/* Begin PBXBuildFile section */
		54515A6E2EE7718700098E46 /* Collections in Frameworks */ = {isa = PBXBuildFile; productRef = 54515A6D2EE7718700098E46 /* Collections */; };
		54F5B0DF2EDA529300A5FFA2 /* MarkdownUI in Frameworks */ = {isa = PBXBuildFile; productRef = 54F5B0DE2EDA529300A5FFA2 /* MarkdownUI */; };
/* End PBXBuildFile section */

/* Begin PBXContainerItemProxy section */
		5420684F2EA433EE00CCBF78 /* PBXContainerItemProxy */ = {
			isa = PBXContainerItemProxy;
			containerPortal = 542068392EA433ED00CCBF78 /* Project object */;
			proxyType = 1;
			remoteGlobalIDString = 542068402EA433ED00CCBF78;
			remoteInfo = Air;
		};
		542068592EA433EE00CCBF78 /* PBXContainerItemProxy */ = {
			isa = PBXContainerItemProxy;
			containerPortal = 542068392EA433ED00CCBF78 /* Project object */;
			proxyType = 1;
			remoteGlobalIDString = 542068402EA433ED00CCBF78;
			remoteInfo = Air;
		};
/* End PBXContainerItemProxy section */

/* Begin PBXFileReference section */
		542068412EA433ED00CCBF78 /* Air.app */ = {isa = PBXFileReference; explicitFileType = wrapper.application; includeInIndex = 0; path = Air.app; sourceTree = BUILT_PRODUCTS_DIR; };
		5420684E2EA433EE00CCBF78 /* AirTests.xctest */ = {isa = PBXFileReference; explicitFileType = wrapper.cfbundle; includeInIndex = 0; path = AirTests.xctest; sourceTree = BUILT_PRODUCTS_DIR; };
		542068582EA433EE00CCBF78 /* AirUITests.xctest */ = {isa = PBXFileReference; explicitFileType = wrapper.cfbundle; includeInIndex = 0; path = AirUITests.xctest; sourceTree = BUILT_PRODUCTS_DIR; };
		54C1C21A2EB5466E00EF1BB1 /* Project.xcconfig */ = {isa = PBXFileReference; lastKnownFileType = text.xcconfig; path = Project.xcconfig; sourceTree = "<group>"; };
/* End PBXFileReference section */

/* Begin PBXFileSystemSynchronizedRootGroup section */
		542068512EA433EE00CCBF78 /* AirTests */ = {
			isa = PBXFileSystemSynchronizedRootGroup;
			path = AirTests;
			sourceTree = "<group>";
		};
		5420685B2EA433EE00CCBF78 /* AirUITests */ = {
			isa = PBXFileSystemSynchronizedRootGroup;
			path = AirUITests;
			sourceTree = "<group>";
		};
		548201EA2EECC3AD00FDE7AE /* Air */ = {
			isa = PBXFileSystemSynchronizedRootGroup;
			path = Air;
			sourceTree = "<group>";
		};
/* End PBXFileSystemSynchronizedRootGroup section */

/* Begin PBXFrameworksBuildPhase section */
		5420683E2EA433ED00CCBF78 /* Frameworks */ = {
			isa = PBXFrameworksBuildPhase;
			buildActionMask = 2147483647;
			files = (
				54515A6E2EE7718700098E46 /* Collections in Frameworks */,
				54F5B0DF2EDA529300A5FFA2 /* MarkdownUI in Frameworks */,
			);
			runOnlyForDeploymentPostprocessing = 0;
		};
		5420684B2EA433EE00CCBF78 /* Frameworks */ = {
			isa = PBXFrameworksBuildPhase;
			buildActionMask = 2147483647;
			files = (
			);
			runOnlyForDeploymentPostprocessing = 0;
		};
		542068552EA433EE00CCBF78 /* Frameworks */ = {
			isa = PBXFrameworksBuildPhase;
			buildActionMask = 2147483647;
			files = (
			);
			runOnlyForDeploymentPostprocessing = 0;
		};
/* End PBXFrameworksBuildPhase section */

/* Begin PBXGroup section */
		542068382EA433ED00CCBF78 = {
			isa = PBXGroup;
			children = (
				548201EA2EECC3AD00FDE7AE /* Air */,
				542068512EA433EE00CCBF78 /* AirTests */,
				5420685B2EA433EE00CCBF78 /* AirUITests */,
				542068422EA433ED00CCBF78 /* Products */,
				54C329562EB54771007A1D91 /* Recovered References */,
			);
			sourceTree = "<group>";
		};
		542068422EA433ED00CCBF78 /* Products */ = {
			isa = PBXGroup;
			children = (
				542068412EA433ED00CCBF78 /* Air.app */,
				5420684E2EA433EE00CCBF78 /* AirTests.xctest */,
				542068582EA433EE00CCBF78 /* AirUITests.xctest */,
			);
			name = Products;
			sourceTree = "<group>";
		};
		54C329562EB54771007A1D91 /* Recovered References */ = {
			isa = PBXGroup;
			children = (
				54C1C21A2EB5466E00EF1BB1 /* Project.xcconfig */,
			);
			name = "Recovered References";
			sourceTree = "<group>";
		};
/* End PBXGroup section */

/* Begin PBXNativeTarget section */
		542068402EA433ED00CCBF78 /* Air */ = {
			isa = PBXNativeTarget;
			buildConfigurationList = 542068622EA433EE00CCBF78 /* Build configuration list for PBXNativeTarget "Air" */;
			buildPhases = (
				5420683D2EA433ED00CCBF78 /* Sources */,
				5420683E2EA433ED00CCBF78 /* Frameworks */,
				5420683F2EA433ED00CCBF78 /* Resources */,
			);
			buildRules = (
			);
			dependencies = (
			);
			fileSystemSynchronizedGroups = (
				548201EA2EECC3AD00FDE7AE /* Air */,
			);
			name = Air;
			packageProductDependencies = (
				54F5B0DE2EDA529300A5FFA2 /* MarkdownUI */,
				54515A6D2EE7718700098E46 /* Collections */,
			);
			productName = Air;
			productReference = 542068412EA433ED00CCBF78 /* Air.app */;
			productType = "com.apple.product-type.application";
		};
		5420684D2EA433EE00CCBF78 /* AirTests */ = {
			isa = PBXNativeTarget;
			buildConfigurationList = 542068652EA433EE00CCBF78 /* Build configuration list for PBXNativeTarget "AirTests" */;
			buildPhases = (
				5420684A2EA433EE00CCBF78 /* Sources */,
				5420684B2EA433EE00CCBF78 /* Frameworks */,
				5420684C2EA433EE00CCBF78 /* Resources */,
			);
			buildRules = (
			);
			dependencies = (
				542068502EA433EE00CCBF78 /* PBXTargetDependency */,
			);
			fileSystemSynchronizedGroups = (
				542068512EA433EE00CCBF78 /* AirTests */,
			);
			name = AirTests;
			packageProductDependencies = (
			);
			productName = AirTests;
			productReference = 5420684E2EA433EE00CCBF78 /* AirTests.xctest */;
			productType = "com.apple.product-type.bundle.unit-test";
		};
		542068572EA433EE00CCBF78 /* AirUITests */ = {
			isa = PBXNativeTarget;
			buildConfigurationList = 542068682EA433EE00CCBF78 /* Build configuration list for PBXNativeTarget "AirUITests" */;
			buildPhases = (
				542068542EA433EE00CCBF78 /* Sources */,
				542068552EA433EE00CCBF78 /* Frameworks */,
				542068562EA433EE00CCBF78 /* Resources */,
			);
			buildRules = (
			);
			dependencies = (
				5420685A2EA433EE00CCBF78 /* PBXTargetDependency */,
			);
			fileSystemSynchronizedGroups = (
				5420685B2EA433EE00CCBF78 /* AirUITests */,
			);
			name = AirUITests;
			packageProductDependencies = (
			);
			productName = AirUITests;
			productReference = 542068582EA433EE00CCBF78 /* AirUITests.xctest */;
			productType = "com.apple.product-type.bundle.ui-testing";
		};
/* End PBXNativeTarget section */

/* Begin PBXProject section */
		542068392EA433ED00CCBF78 /* Project object */ = {
			isa = PBXProject;
			attributes = {
				BuildIndependentTargetsInParallel = 1;
				LastSwiftUpdateCheck = 2600;
				LastUpgradeCheck = 2600;
				TargetAttributes = {
					542068402EA433ED00CCBF78 = {
						CreatedOnToolsVersion = 26.0.1;
					};
					5420684D2EA433EE00CCBF78 = {
						CreatedOnToolsVersion = 26.0.1;
						TestTargetID = 542068402EA433ED00CCBF78;
					};
					542068572EA433EE00CCBF78 = {
						CreatedOnToolsVersion = 26.0.1;
						TestTargetID = 542068402EA433ED00CCBF78;
					};
				};
			};
			buildConfigurationList = 5420683C2EA433ED00CCBF78 /* Build configuration list for PBXProject "Air" */;
			developmentRegion = en;
			hasScannedForEncodings = 0;
			knownRegions = (
				en,
				Base,
			);
			mainGroup = 542068382EA433ED00CCBF78;
			minimizedProjectReferenceProxies = 1;
			packageReferences = (
				54F5B0DD2EDA529300A5FFA2 /* XCRemoteSwiftPackageReference "swift-markdown-ui" */,
				54515A6C2EE7718700098E46 /* XCRemoteSwiftPackageReference "swift-collections" */,
			);
			preferredProjectObjectVersion = 77;
			productRefGroup = 542068422EA433ED00CCBF78 /* Products */;
			projectDirPath = "";
			projectRoot = "";
			targets = (
				542068402EA433ED00CCBF78 /* Air */,
				5420684D2EA433EE00CCBF78 /* AirTests */,
				542068572EA433EE00CCBF78 /* AirUITests */,
			);
		};
/* End PBXProject section */

/* Begin PBXResourcesBuildPhase section */
		5420683F2EA433ED00CCBF78 /* Resources */ = {
			isa = PBXResourcesBuildPhase;
			buildActionMask = 2147483647;
			files = (
			);
			runOnlyForDeploymentPostprocessing = 0;
		};
		5420684C2EA433EE00CCBF78 /* Resources */ = {
			isa = PBXResourcesBuildPhase;
			buildActionMask = 2147483647;
			files = (
			);
			runOnlyForDeploymentPostprocessing = 0;
		};
		542068562EA433EE00CCBF78 /* Resources */ = {
			isa = PBXResourcesBuildPhase;
			buildActionMask = 2147483647;
			files = (
			);
			runOnlyForDeploymentPostprocessing = 0;
		};
/* End PBXResourcesBuildPhase section */

/* Begin PBXSourcesBuildPhase section */
		5420683D2EA433ED00CCBF78 /* Sources */ = {
			isa = PBXSourcesBuildPhase;
			buildActionMask = 2147483647;
			files = (
			);
			runOnlyForDeploymentPostprocessing = 0;
		};
		5420684A2EA433EE00CCBF78 /* Sources */ = {
			isa = PBXSourcesBuildPhase;
			buildActionMask = 2147483647;
			files = (
			);
			runOnlyForDeploymentPostprocessing = 0;
		};
		542068542EA433EE00CCBF78 /* Sources */ = {
			isa = PBXSourcesBuildPhase;
			buildActionMask = 2147483647;
			files = (
			);
			runOnlyForDeploymentPostprocessing = 0;
		};
/* End PBXSourcesBuildPhase section */

/* Begin PBXTargetDependency section */
		542068502EA433EE00CCBF78 /* PBXTargetDependency */ = {
			isa = PBXTargetDependency;
			target = 542068402EA433ED00CCBF78 /* Air */;
			targetProxy = 5420684F2EA433EE00CCBF78 /* PBXContainerItemProxy */;
		};
		5420685A2EA433EE00CCBF78 /* PBXTargetDependency */ = {
			isa = PBXTargetDependency;
			target = 542068402EA433ED00CCBF78 /* Air */;
			targetProxy = 542068592EA433EE00CCBF78 /* PBXContainerItemProxy */;
		};
/* End PBXTargetDependency section */

/* Begin XCBuildConfiguration section */
		542068602EA433EE00CCBF78 /* Debug */ = {
			isa = XCBuildConfiguration;
			buildSettings = {
				ALWAYS_SEARCH_USER_PATHS = NO;
				ASSETCATALOG_COMPILER_GENERATE_SWIFT_ASSET_SYMBOL_EXTENSIONS = YES;
				CLANG_ANALYZER_NONNULL = YES;
				CLANG_ANALYZER_NUMBER_OBJECT_CONVERSION = YES_AGGRESSIVE;
				CLANG_CXX_LANGUAGE_STANDARD = "gnu++20";
				CLANG_ENABLE_MODULES = YES;
				CLANG_ENABLE_OBJC_ARC = YES;
				CLANG_ENABLE_OBJC_WEAK = YES;
				CLANG_WARN_BLOCK_CAPTURE_AUTORELEASING = YES;
				CLANG_WARN_BOOL_CONVERSION = YES;
				CLANG_WARN_COMMA = YES;
				CLANG_WARN_CONSTANT_CONVERSION = YES;
				CLANG_WARN_DEPRECATED_OBJC_IMPLEMENTATIONS = YES;
				CLANG_WARN_DIRECT_OBJC_ISA_USAGE = YES_ERROR;
				CLANG_WARN_DOCUMENTATION_COMMENTS = YES;
				CLANG_WARN_EMPTY_BODY = YES;
				CLANG_WARN_ENUM_CONVERSION = YES;
				CLANG_WARN_INFINITE_RECURSION = YES;
				CLANG_WARN_INT_CONVERSION = YES;
				CLANG_WARN_NON_LITERAL_NULL_CONVERSION = YES;
				CLANG_WARN_OBJC_IMPLICIT_RETAIN_SELF = YES;
				CLANG_WARN_OBJC_LITERAL_CONVERSION = YES;
				CLANG_WARN_OBJC_ROOT_CLASS = YES_ERROR;
				CLANG_WARN_QUOTED_INCLUDE_IN_FRAMEWORK_HEADER = YES;
				CLANG_WARN_RANGE_LOOP_ANALYSIS = YES;
				CLANG_WARN_STRICT_PROTOTYPES = YES;
				CLANG_WARN_SUSPICIOUS_MOVE = YES;
				CLANG_WARN_UNGUARDED_AVAILABILITY = YES_AGGRESSIVE;
				CLANG_WARN_UNREACHABLE_CODE = YES;
				CLANG_WARN__DUPLICATE_METHOD_MATCH = YES;
				COPY_PHASE_STRIP = NO;
				DEBUG_INFORMATION_FORMAT = dwarf;
				ENABLE_STRICT_OBJC_MSGSEND = YES;
				ENABLE_TESTABILITY = YES;
				ENABLE_USER_SCRIPT_SANDBOXING = YES;
				GCC_C_LANGUAGE_STANDARD = gnu17;
				GCC_DYNAMIC_NO_PIC = NO;
				GCC_NO_COMMON_BLOCKS = YES;
				GCC_OPTIMIZATION_LEVEL = 0;
				GCC_PREPROCESSOR_DEFINITIONS = (
					"DEBUG=1",
					"$(inherited)",
				);
				GCC_WARN_64_TO_32_BIT_CONVERSION = YES;
				GCC_WARN_ABOUT_RETURN_TYPE = YES_ERROR;
				GCC_WARN_UNDECLARED_SELECTOR = YES;
				GCC_WARN_UNINITIALIZED_AUTOS = YES_AGGRESSIVE;
				GCC_WARN_UNUSED_FUNCTION = YES;
				GCC_WARN_UNUSED_VARIABLE = YES;
				IPHONEOS_DEPLOYMENT_TARGET = 26.0;
				LOCALIZATION_PREFERS_STRING_CATALOGS = YES;
				MTL_ENABLE_DEBUG_INFO = INCLUDE_SOURCE;
				MTL_FAST_MATH = YES;
				ONLY_ACTIVE_ARCH = YES;
				SDKROOT = iphoneos;
				SWIFT_ACTIVE_COMPILATION_CONDITIONS = "DEBUG $(inherited)";
				SWIFT_OPTIMIZATION_LEVEL = "-Onone";
			};
			name = Debug;
		};
		542068612EA433EE00CCBF78 /* Release */ = {
			isa = XCBuildConfiguration;
			buildSettings = {
				ALWAYS_SEARCH_USER_PATHS = NO;
				ASSETCATALOG_COMPILER_GENERATE_SWIFT_ASSET_SYMBOL_EXTENSIONS = YES;
				CLANG_ANALYZER_NONNULL = YES;
				CLANG_ANALYZER_NUMBER_OBJECT_CONVERSION = YES_AGGRESSIVE;
				CLANG_CXX_LANGUAGE_STANDARD = "gnu++20";
				CLANG_ENABLE_MODULES = YES;
				CLANG_ENABLE_OBJC_ARC = YES;
				CLANG_ENABLE_OBJC_WEAK = YES;
				CLANG_WARN_BLOCK_CAPTURE_AUTORELEASING = YES;
				CLANG_WARN_BOOL_CONVERSION = YES;
				CLANG_WARN_COMMA = YES;
				CLANG_WARN_CONSTANT_CONVERSION = YES;
				CLANG_WARN_DEPRECATED_OBJC_IMPLEMENTATIONS = YES;
				CLANG_WARN_DIRECT_OBJC_ISA_USAGE = YES_ERROR;
				CLANG_WARN_DOCUMENTATION_COMMENTS = YES;
				CLANG_WARN_EMPTY_BODY = YES;
				CLANG_WARN_ENUM_CONVERSION = YES;
				CLANG_WARN_INFINITE_RECURSION = YES;
				CLANG_WARN_INT_CONVERSION = YES;
				CLANG_WARN_NON_LITERAL_NULL_CONVERSION = YES;
				CLANG_WARN_OBJC_IMPLICIT_RETAIN_SELF = YES;
				CLANG_WARN_OBJC_LITERAL_CONVERSION = YES;
				CLANG_WARN_OBJC_ROOT_CLASS = YES_ERROR;
				CLANG_WARN_QUOTED_INCLUDE_IN_FRAMEWORK_HEADER = YES;
				CLANG_WARN_RANGE_LOOP_ANALYSIS = YES;
				CLANG_WARN_STRICT_PROTOTYPES = YES;
				CLANG_WARN_SUSPICIOUS_MOVE = YES;
				CLANG_WARN_UNGUARDED_AVAILABILITY = YES_AGGRESSIVE;
				CLANG_WARN_UNREACHABLE_CODE = YES;
				CLANG_WARN__DUPLICATE_METHOD_MATCH = YES;
				COPY_PHASE_STRIP = NO;
				DEBUG_INFORMATION_FORMAT = "dwarf-with-dsym";
				ENABLE_NS_ASSERTIONS = NO;
				ENABLE_STRICT_OBJC_MSGSEND = YES;
				ENABLE_USER_SCRIPT_SANDBOXING = YES;
				GCC_C_LANGUAGE_STANDARD = gnu17;
				GCC_NO_COMMON_BLOCKS = YES;
				GCC_WARN_64_TO_32_BIT_CONVERSION = YES;
				GCC_WARN_ABOUT_RETURN_TYPE = YES_ERROR;
				GCC_WARN_UNDECLARED_SELECTOR = YES;
				GCC_WARN_UNINITIALIZED_AUTOS = YES_AGGRESSIVE;
				GCC_WARN_UNUSED_FUNCTION = YES;
				GCC_WARN_UNUSED_VARIABLE = YES;
				IPHONEOS_DEPLOYMENT_TARGET = 26.0;
				LOCALIZATION_PREFERS_STRING_CATALOGS = YES;
				MTL_ENABLE_DEBUG_INFO = NO;
				MTL_FAST_MATH = YES;
				SDKROOT = iphoneos;
				SWIFT_COMPILATION_MODE = wholemodule;
				VALIDATE_PRODUCT = YES;
			};
			name = Release;
		};
		542068632EA433EE00CCBF78 /* Debug */ = {
			isa = XCBuildConfiguration;
			baseConfigurationReferenceAnchor = 548201EA2EECC3AD00FDE7AE /* Air */;
			baseConfigurationReferenceRelativePath = Project.xcconfig;
			buildSettings = {
				ASSETCATALOG_COMPILER_APPICON_NAME = AppIcon;
				ASSETCATALOG_COMPILER_GLOBAL_ACCENT_COLOR_NAME = AccentColor;
				"CODE_SIGN_IDENTITY[sdk=iphoneos*]" = "iPhone Developer";
				CODE_SIGN_STYLE = Manual;
				CURRENT_PROJECT_VERSION = 1;
				DEVELOPMENT_TEAM = "";
				"DEVELOPMENT_TEAM[sdk=iphoneos*]" = L454S9SQH7;
				ENABLE_PREVIEWS = YES;
				GENERATE_INFOPLIST_FILE = YES;
				INFOPLIST_KEY_UIApplicationSceneManifest_Generation = YES;
				INFOPLIST_KEY_UIApplicationSupportsIndirectInputEvents = YES;
				INFOPLIST_KEY_UILaunchScreen_Generation = YES;
				INFOPLIST_KEY_UISupportedInterfaceOrientations_iPad = "UIInterfaceOrientationPortrait UIInterfaceOrientationPortraitUpsideDown UIInterfaceOrientationLandscapeLeft UIInterfaceOrientationLandscapeRight";
				INFOPLIST_KEY_UISupportedInterfaceOrientations_iPhone = "UIInterfaceOrientationPortrait UIInterfaceOrientationLandscapeLeft UIInterfaceOrientationLandscapeRight";
				LD_RUNPATH_SEARCH_PATHS = (
					"$(inherited)",
					"@executable_path/Frameworks",
				);
				MARKETING_VERSION = 1.0;
				PRODUCT_NAME = "$(TARGET_NAME)";
				PROVISIONING_PROFILE_SPECIFIER = "";
				"PROVISIONING_PROFILE_SPECIFIER[sdk=iphoneos*]" = "Wildcard Development";
				STRING_CATALOG_GENERATE_SYMBOLS = YES;
				SWIFT_APPROACHABLE_CONCURRENCY = YES;
				SWIFT_DEFAULT_ACTOR_ISOLATION = MainActor;
				SWIFT_EMIT_LOC_STRINGS = YES;
				SWIFT_UPCOMING_FEATURE_MEMBER_IMPORT_VISIBILITY = YES;
				SWIFT_VERSION = 6.0;
				TARGETED_DEVICE_FAMILY = "1,2";
			};
			name = Debug;
		};
		542068642EA433EE00CCBF78 /* Release */ = {
			isa = XCBuildConfiguration;
			baseConfigurationReferenceAnchor = 548201EA2EECC3AD00FDE7AE /* Air */;
			baseConfigurationReferenceRelativePath = Project.xcconfig;
			buildSettings = {
				ASSETCATALOG_COMPILER_APPICON_NAME = AppIcon;
				ASSETCATALOG_COMPILER_GLOBAL_ACCENT_COLOR_NAME = AccentColor;
				"CODE_SIGN_IDENTITY[sdk=iphoneos*]" = "iPhone Developer";
				CODE_SIGN_STYLE = Manual;
				CURRENT_PROJECT_VERSION = 1;
				DEVELOPMENT_TEAM = "";
				"DEVELOPMENT_TEAM[sdk=iphoneos*]" = L454S9SQH7;
				ENABLE_PREVIEWS = YES;
				GENERATE_INFOPLIST_FILE = YES;
				INFOPLIST_KEY_UIApplicationSceneManifest_Generation = YES;
				INFOPLIST_KEY_UIApplicationSupportsIndirectInputEvents = YES;
				INFOPLIST_KEY_UILaunchScreen_Generation = YES;
				INFOPLIST_KEY_UISupportedInterfaceOrientations_iPad = "UIInterfaceOrientationPortrait UIInterfaceOrientationPortraitUpsideDown UIInterfaceOrientationLandscapeLeft UIInterfaceOrientationLandscapeRight";
				INFOPLIST_KEY_UISupportedInterfaceOrientations_iPhone = "UIInterfaceOrientationPortrait UIInterfaceOrientationLandscapeLeft UIInterfaceOrientationLandscapeRight";
				LD_RUNPATH_SEARCH_PATHS = (
					"$(inherited)",
					"@executable_path/Frameworks",
				);
				MARKETING_VERSION = 1.0;
				PRODUCT_NAME = "$(TARGET_NAME)";
				PROVISIONING_PROFILE_SPECIFIER = "";
				"PROVISIONING_PROFILE_SPECIFIER[sdk=iphoneos*]" = "Wildcard Development";
				STRING_CATALOG_GENERATE_SYMBOLS = YES;
				SWIFT_APPROACHABLE_CONCURRENCY = YES;
				SWIFT_DEFAULT_ACTOR_ISOLATION = MainActor;
				SWIFT_EMIT_LOC_STRINGS = YES;
				SWIFT_UPCOMING_FEATURE_MEMBER_IMPORT_VISIBILITY = YES;
				SWIFT_VERSION = 6.0;
				TARGETED_DEVICE_FAMILY = "1,2";
			};
			name = Release;
		};
		542068662EA433EE00CCBF78 /* Debug */ = {
			isa = XCBuildConfiguration;
			buildSettings = {
				BUNDLE_LOADER = "$(TEST_HOST)";
				CODE_SIGN_STYLE = Automatic;
				CURRENT_PROJECT_VERSION = 1;
				GENERATE_INFOPLIST_FILE = YES;
				IPHONEOS_DEPLOYMENT_TARGET = 26.0;
				MARKETING_VERSION = 1.0;
				PRODUCT_BUNDLE_IDENTIFIER = IK.AirTests;
				PRODUCT_NAME = "$(TARGET_NAME)";
				STRING_CATALOG_GENERATE_SYMBOLS = NO;
				SWIFT_APPROACHABLE_CONCURRENCY = YES;
				SWIFT_EMIT_LOC_STRINGS = NO;
				SWIFT_UPCOMING_FEATURE_MEMBER_IMPORT_VISIBILITY = YES;
				SWIFT_VERSION = 5.0;
				TARGETED_DEVICE_FAMILY = "1,2";
				TEST_HOST = "$(BUILT_PRODUCTS_DIR)/Air.app/$(BUNDLE_EXECUTABLE_FOLDER_PATH)/Air";
			};
			name = Debug;
		};
		542068672EA433EE00CCBF78 /* Release */ = {
			isa = XCBuildConfiguration;
			buildSettings = {
				BUNDLE_LOADER = "$(TEST_HOST)";
				CODE_SIGN_STYLE = Automatic;
				CURRENT_PROJECT_VERSION = 1;
				GENERATE_INFOPLIST_FILE = YES;
				IPHONEOS_DEPLOYMENT_TARGET = 26.0;
				MARKETING_VERSION = 1.0;
				PRODUCT_BUNDLE_IDENTIFIER = IK.AirTests;
				PRODUCT_NAME = "$(TARGET_NAME)";
				STRING_CATALOG_GENERATE_SYMBOLS = NO;
				SWIFT_APPROACHABLE_CONCURRENCY = YES;
				SWIFT_EMIT_LOC_STRINGS = NO;
				SWIFT_UPCOMING_FEATURE_MEMBER_IMPORT_VISIBILITY = YES;
				SWIFT_VERSION = 5.0;
				TARGETED_DEVICE_FAMILY = "1,2";
				TEST_HOST = "$(BUILT_PRODUCTS_DIR)/Air.app/$(BUNDLE_EXECUTABLE_FOLDER_PATH)/Air";
			};
			name = Release;
		};
		542068692EA433EE00CCBF78 /* Debug */ = {
			isa = XCBuildConfiguration;
			buildSettings = {
				CODE_SIGN_STYLE = Automatic;
				CURRENT_PROJECT_VERSION = 1;
				GENERATE_INFOPLIST_FILE = YES;
				MARKETING_VERSION = 1.0;
				PRODUCT_BUNDLE_IDENTIFIER = IK.AirUITests;
				PRODUCT_NAME = "$(TARGET_NAME)";
				STRING_CATALOG_GENERATE_SYMBOLS = NO;
				SWIFT_APPROACHABLE_CONCURRENCY = YES;
				SWIFT_EMIT_LOC_STRINGS = NO;
				SWIFT_UPCOMING_FEATURE_MEMBER_IMPORT_VISIBILITY = YES;
				SWIFT_VERSION = 5.0;
				TARGETED_DEVICE_FAMILY = "1,2";
				TEST_TARGET_NAME = Air;
			};
			name = Debug;
		};
		5420686A2EA433EE00CCBF78 /* Release */ = {
			isa = XCBuildConfiguration;
			buildSettings = {
				CODE_SIGN_STYLE = Automatic;
				CURRENT_PROJECT_VERSION = 1;
				GENERATE_INFOPLIST_FILE = YES;
				MARKETING_VERSION = 1.0;
				PRODUCT_BUNDLE_IDENTIFIER = IK.AirUITests;
				PRODUCT_NAME = "$(TARGET_NAME)";
				STRING_CATALOG_GENERATE_SYMBOLS = NO;
				SWIFT_APPROACHABLE_CONCURRENCY = YES;
				SWIFT_EMIT_LOC_STRINGS = NO;
				SWIFT_UPCOMING_FEATURE_MEMBER_IMPORT_VISIBILITY = YES;
				SWIFT_VERSION = 5.0;
				TARGETED_DEVICE_FAMILY = "1,2";
				TEST_TARGET_NAME = Air;
			};
			name = Release;
		};
/* End XCBuildConfiguration section */

/* Begin XCConfigurationList section */
		5420683C2EA433ED00CCBF78 /* Build configuration list for PBXProject "Air" */ = {
			isa = XCConfigurationList;
			buildConfigurations = (
				542068602EA433EE00CCBF78 /* Debug */,
				542068612EA433EE00CCBF78 /* Release */,
			);
			defaultConfigurationIsVisible = 0;
			defaultConfigurationName = Release;
		};
		542068622EA433EE00CCBF78 /* Build configuration list for PBXNativeTarget "Air" */ = {
			isa = XCConfigurationList;
			buildConfigurations = (
				542068632EA433EE00CCBF78 /* Debug */,
				542068642EA433EE00CCBF78 /* Release */,
			);
			defaultConfigurationIsVisible = 0;
			defaultConfigurationName = Release;
		};
		542068652EA433EE00CCBF78 /* Build configuration list for PBXNativeTarget "AirTests" */ = {
			isa = XCConfigurationList;
			buildConfigurations = (
				542068662EA433EE00CCBF78 /* Debug */,
				542068672EA433EE00CCBF78 /* Release */,
			);
			defaultConfigurationIsVisible = 0;
			defaultConfigurationName = Release;
		};
		542068682EA433EE00CCBF78 /* Build configuration list for PBXNativeTarget "AirUITests" */ = {
			isa = XCConfigurationList;
			buildConfigurations = (
				542068692EA433EE00CCBF78 /* Debug */,
				5420686A2EA433EE00CCBF78 /* Release */,
			);
			defaultConfigurationIsVisible = 0;
			defaultConfigurationName = Release;
		};
/* End XCConfigurationList section */

/* Begin XCRemoteSwiftPackageReference section */
		54515A6C2EE7718700098E46 /* XCRemoteSwiftPackageReference "swift-collections" */ = {
			isa = XCRemoteSwiftPackageReference;
			repositoryURL = "https://github.com/apple/swift-collections.git";
			requirement = {
				kind = exactVersion;
				version = 1.3.0;
			};
		};
		54F5B0DD2EDA529300A5FFA2 /* XCRemoteSwiftPackageReference "swift-markdown-ui" */ = {
			isa = XCRemoteSwiftPackageReference;
			repositoryURL = "https://github.com/gonzalezreal/swift-markdown-ui";
			requirement = {
				kind = exactVersion;
				version = 2.4.1;
			};
		};
/* End XCRemoteSwiftPackageReference section */

/* Begin XCSwiftPackageProductDependency section */
		54515A6D2EE7718700098E46 /* Collections */ = {
			isa = XCSwiftPackageProductDependency;
			package = 54515A6C2EE7718700098E46 /* XCRemoteSwiftPackageReference "swift-collections" */;
			productName = Collections;
		};
		54F5B0DE2EDA529300A5FFA2 /* MarkdownUI */ = {
			isa = XCSwiftPackageProductDependency;
			package = 54F5B0DD2EDA529300A5FFA2 /* XCRemoteSwiftPackageReference "swift-markdown-ui" */;
			productName = MarkdownUI;
		};
/* End XCSwiftPackageProductDependency section */
	};
	rootObject = 542068392EA433ED00CCBF78 /* Project object */;
}
